
Microsoft Visual Studio Solution File, Format Version 12.00
# Visual Studio 15
VisualStudioVersion = 15.0.28307.572
MinimumVisualStudioVersion = 10.0.40219.1
Project("{9A19103F-16F7-4668-BE54-9A1E7A4F7556}") = "WebApplication1", "WebApplication1\WebApplication1.csproj", "{2AFD8F9A-48BF-4A04-9040-587BD065FEC8}"
EndProject
Project("{FAE04EC0-301F-11D3-BF4B-00C04F79EFBC}") = "WebApplication1.Tests", "WebApplication1.Tests\WebApplication1.Tests.csproj", "{4A0167B1-8DA2-4887-8DB6-084757127265}"
EndProject
Global
	GlobalSection(SolutionConfigurationPlatforms) = preSolution
		Debug|Any CPU = Debug|Any CPU
		Release|Any CPU = Release|Any CPU
	EndGlobalSection
	GlobalSection(ProjectConfigurationPlatforms) = postSolution
		{2AFD8F9A-48BF-4A04-9040-587BD065FEC8}.Debug|Any CPU.ActiveCfg = Debug|Any CPU
		{2AFD8F9A-48BF-4A04-9040-587BD065FEC8}.Debug|Any CPU.Build.0 = Debug|Any CPU
		{2AFD8F9A-48BF-4A04-9040-587BD065FEC8}.Release|Any CPU.ActiveCfg = Release|Any CPU
		{2AFD8F9A-48BF-4A04-9040-587BD065FEC8}.Release|Any CPU.Build.0 = Release|Any CPU
		{4A0167B1-8DA2-4887-8DB6-084757127265}.Debug|Any CPU.ActiveCfg = Debug|Any CPU
		{4A0167B1-8DA2-4887-8DB6-084757127265}.Debug|Any CPU.Build.0 = Debug|Any CPU
		{4A0167B1-8DA2-4887-8DB6-084757127265}.Release|Any CPU.ActiveCfg = Release|Any CPU
		{4A0167B1-8DA2-4887-8DB6-084757127265}.Release|Any CPU.Build.0 = Release|Any CPU
	EndGlobalSection
	GlobalSection(SolutionProperties) = preSolution
		HideSolutionNode = FALSE
	EndGlobalSection
	GlobalSection(ExtensibilityGlobals) = postSolution
		SolutionGuid = {A2F99B82-B6C0-4143-BBC4-F85BA86E6633}
	EndGlobalSection
EndGlobal
